
Microsoft Visual Studio Solution File, Format Version 9.00
# Visual Studio 2005
Project("{FAE04EC0-301F-11D3-BF4B-00C04F79EFBC}") = "Reportero", "Reportero\Reportero.csproj", "{3FF8C400-A469-463B-BAA4-33D3E50D9C7E}"
EndProject
Project("{FAE04EC0-301F-11D3-BF4B-00C04F79EFBC}") = "Reportero.UI", "Reportero.UI\Reportero.UI.csproj", "{9C8333CC-CEDE-4347-86F3-8215CEC5FED1}"
EndProject
Project("{FAE04EC0-301F-11D3-BF4B-00C04F79EFBC}") = "Reportero.Reports", "Reportero.Reports\Reportero.Reports.csproj", "{98FCCBD7-5890-45F9-BDB9-3C835CADF6A3}"
EndProject
Project("{FAE04EC0-301F-11D3-BF4B-00C04F79EFBC}") = "Reportero.Data", "Reportero.Data\Reportero.Data.csproj", "{93E4D801-66DC-44C1-86E6-FAA5A3ADBB89}"
EndProject
Global
	GlobalSection(SolutionConfigurationPlatforms) = preSolution
		Debug|Any CPU = Debug|Any CPU
		Release|Any CPU = Release|Any CPU
	EndGlobalSection
	GlobalSection(ProjectConfigurationPlatforms) = postSolution
		{3FF8C400-A469-463B-BAA4-33D3E50D9C7E}.Debug|Any CPU.ActiveCfg = Debug|Any CPU
		{3FF8C400-A469-463B-BAA4-33D3E50D9C7E}.Debug|Any CPU.Build.0 = Debug|Any CPU
		{3FF8C400-A469-463B-BAA4-33D3E50D9C7E}.Release|Any CPU.ActiveCfg = Release|Any CPU
		{3FF8C400-A469-463B-BAA4-33D3E50D9C7E}.Release|Any CPU.Build.0 = Release|Any CPU
		{93E4D801-66DC-44C1-86E6-FAA5A3ADBB89}.Debug|Any CPU.ActiveCfg = Debug|Any CPU
		{93E4D801-66DC-44C1-86E6-FAA5A3ADBB89}.Debug|Any CPU.Build.0 = Debug|Any CPU
		{93E4D801-66DC-44C1-86E6-FAA5A3ADBB89}.Release|Any CPU.ActiveCfg = Release|Any CPU
		{93E4D801-66DC-44C1-86E6-FAA5A3ADBB89}.Release|Any CPU.Build.0 = Release|Any CPU
		{98FCCBD7-5890-45F9-BDB9-3C835CADF6A3}.Debug|Any CPU.ActiveCfg = Debug|Any CPU
		{98FCCBD7-5890-45F9-BDB9-3C835CADF6A3}.Debug|Any CPU.Build.0 = Debug|Any CPU
		{98FCCBD7-5890-45F9-BDB9-3C835CADF6A3}.Release|Any CPU.ActiveCfg = Release|Any CPU
		{98FCCBD7-5890-45F9-BDB9-3C835CADF6A3}.Release|Any CPU.Build.0 = Release|Any CPU
		{9C8333CC-CEDE-4347-86F3-8215CEC5FED1}.Debug|Any CPU.ActiveCfg = Debug|Any CPU
		{9C8333CC-CEDE-4347-86F3-8215CEC5FED1}.Debug|Any CPU.Build.0 = Debug|Any CPU
		{9C8333CC-CEDE-4347-86F3-8215CEC5FED1}.Release|Any CPU.ActiveCfg = Release|Any CPU
		{9C8333CC-CEDE-4347-86F3-8215CEC5FED1}.Release|Any CPU.Build.0 = Release|Any CPU
	EndGlobalSection
	GlobalSection(MonoDevelopProperties) = preSolution
		version = 0.1
		StartupItem = Reportero\Reportero.csproj
		Policies = $0
		$0.TextStylePolicy = $1
		$1.FileWidth = 120
		$1.TabWidth = 4
		$1.TabsToSpaces = False
		$1.NoTabsAfterNonTabs = False
		$1.RemoveTrailingWhitespace = False
		$1.EolMarker = Native
		$0.DotNetNamingPolicy = $2
		$2.DirectoryNamespaceAssociation = PrefixedHierarchical
		$2.ResourceNamePolicy = FileName
		$0.VersionControlPolicy = $3
		$3.inheritsSet = Mono
		$0.ChangeLogPolicy = $4
		$4.UpdateMode = None
		$4.MessageStyle = $5
		$5.LineAlign = 0
		$4.inheritsSet = Mono
		$0.StandardHeader = $6
		$6.Text = 
		$6.inheritsSet = MITX11License
	EndGlobalSection
EndGlobal
