
Microsoft Visual Studio Solution File, Format Version 11.00
# Visual Studio 2010
Project("{FAE04EC0-301F-11D3-BF4B-00C04F79EFBC}") = "Stprm.DataEx", "Stprm.DataEx\Stprm.DataEx.csproj", "{238FC824-7A26-4B54-8D47-CB056071BFC4}"
EndProject
Project("{FAE04EC0-301F-11D3-BF4B-00C04F79EFBC}") = "Stprm.Web", "Stprm.Web\Stprm.Web.csproj", "{9BF463B2-13B8-48B7-A3D3-D4131C2DAC81}"
EndProject
Global
	GlobalSection(SolutionConfigurationPlatforms) = preSolution
		Debug|Any CPU = Debug|Any CPU
		Release|Any CPU = Release|Any CPU
	EndGlobalSection
	GlobalSection(ProjectConfigurationPlatforms) = postSolution
		{238FC824-7A26-4B54-8D47-CB056071BFC4}.Debug|Any CPU.ActiveCfg = Debug|Any CPU
		{238FC824-7A26-4B54-8D47-CB056071BFC4}.Debug|Any CPU.Build.0 = Debug|Any CPU
		{238FC824-7A26-4B54-8D47-CB056071BFC4}.Release|Any CPU.ActiveCfg = Release|Any CPU
		{238FC824-7A26-4B54-8D47-CB056071BFC4}.Release|Any CPU.Build.0 = Release|Any CPU
		{9BF463B2-13B8-48B7-A3D3-D4131C2DAC81}.Debug|Any CPU.ActiveCfg = Debug|Any CPU
		{9BF463B2-13B8-48B7-A3D3-D4131C2DAC81}.Debug|Any CPU.Build.0 = Debug|Any CPU
		{9BF463B2-13B8-48B7-A3D3-D4131C2DAC81}.Release|Any CPU.ActiveCfg = Release|Any CPU
		{9BF463B2-13B8-48B7-A3D3-D4131C2DAC81}.Release|Any CPU.Build.0 = Release|Any CPU
	EndGlobalSection
	GlobalSection(SolutionProperties) = preSolution
		HideSolutionNode = FALSE
	EndGlobalSection
EndGlobal
